
Microsoft Visual Studio Solution File, Format Version 12.00
# Visual Studio 15
VisualStudioVersion = 15.0.28307.572
MinimumVisualStudioVersion = 10.0.40219.1
Project("{FAE04EC0-301F-11D3-BF4B-00C04F79EFBC}") = "MedicApp", "MedicApp\MedicApp.csproj", "{A22E07EF-2C51-4963-9074-5580EAA5231E}"
EndProject
Global
	GlobalSection(SolutionConfigurationPlatforms) = preSolution
		Debug|Any CPU = Debug|Any CPU
		Release|Any CPU = Release|Any CPU
	EndGlobalSection
	GlobalSection(ProjectConfigurationPlatforms) = postSolution
		{A22E07EF-2C51-4963-9074-5580EAA5231E}.Debug|Any CPU.ActiveCfg = Debug|Any CPU
		{A22E07EF-2C51-4963-9074-5580EAA5231E}.Debug|Any CPU.Build.0 = Debug|Any CPU
		{A22E07EF-2C51-4963-9074-5580EAA5231E}.Release|Any CPU.ActiveCfg = Release|Any CPU
		{A22E07EF-2C51-4963-9074-5580EAA5231E}.Release|Any CPU.Build.0 = Release|Any CPU
	EndGlobalSection
	GlobalSection(SolutionProperties) = preSolution
		HideSolutionNode = FALSE
	EndGlobalSection
	GlobalSection(ExtensibilityGlobals) = postSolution
		SolutionGuid = {69AE2FFA-7C7B-48D4-9C32-CFB8E61F573D}
	EndGlobalSection
EndGlobal
